# This file is generated by running "yarn install" inside your project.
# Manual changes might be lost - proceed with caution!

__metadata:
  version: 4
  cacheKey: 7

"@types/body-parser@npm:*, @types/body-parser@npm:^1.19.0":
  version: 1.19.0
  resolution: "@types/body-parser@npm:1.19.0"
  dependencies:
    "@types/connect": "*"
    "@types/node": "*"
  checksum: 4576f3fde5980c1219cadbc7c523bdb1cefc3713300e18bf47ff37bb9b8176342a1dc7519008311fd8fc11413cf188a83931b9b59051aa1c2f095c1e10459369
  languageName: node
  linkType: hard

"@types/bson@npm:*":
  version: 4.0.3
  resolution: "@types/bson@npm:4.0.3"
  dependencies:
    "@types/node": "*"
  checksum: 73c0179851f02bd43f010db65c465b09f7c495b35b0e3820a79d36f4bb209c84a512121c1af4c1d2512e5f13cd27cc74fa8aa6f3df9b17b7cca9d37d59ece3ce
  languageName: node
  linkType: hard

"@types/component-emitter@npm:^1.2.10":
  version: 1.2.10
  resolution: "@types/component-emitter@npm:1.2.10"
  checksum: 868a9a00697df0ce74da77b8fc2c40f1a3ac6f294a828fdc8d9ae3ba62f9a541b472f147d1837dc7dd9d9c1333aa277f9d29c12e4746e6d779e6ce94c4c2f7ac
  languageName: node
  linkType: hard

"@types/connect@npm:*":
  version: 3.4.34
  resolution: "@types/connect@npm:3.4.34"
  dependencies:
    "@types/node": "*"
  checksum: 6f712a0408ed119a42037bcbc38c12e053d3ffe11337221a3966c9e29a21c8455e331fe2116c426361c0b2c0e44cb3fb1f83594326e42ba34ce4723d726b7d30
  languageName: node
  linkType: hard

"@types/cookie@npm:^0.4.0":
  version: 0.4.0
  resolution: "@types/cookie@npm:0.4.0"
  checksum: be9ef4172b97878fe38874c47d25bddcc58886fa4e621b3336bf2e08983763b5391a0d0b4ace34372adc3bd44da05ea9bcf885b0f5b5ab56bc72e0baba5e6346
  languageName: node
  linkType: hard

"@types/cors@npm:^2.8.8":
  version: 2.8.9
  resolution: "@types/cors@npm:2.8.9"
  checksum: 903e863c91928209c66a26fdd82ccd0327ed5cded60f19683a155b1b0281e0ad38ecf61dd9f6c23fb9a03ab684e6c2d5690e13473f96d813b8a474dc23dd6c89
  languageName: node
  linkType: hard

"@types/express-serve-static-core@npm:^4.17.18":
  version: 4.17.18
  resolution: "@types/express-serve-static-core@npm:4.17.18"
  dependencies:
    "@types/node": "*"
    "@types/qs": "*"
    "@types/range-parser": "*"
  checksum: 329d5ded5c6b77c40bbed136ddf34f6fbae1ec3c43dadb5309fa60cedc3de9508a78fcba756c54e0d6362127d29b114afe4fcc75dc42a44909d48a7114315dc4
  languageName: node
  linkType: hard

"@types/express@npm:^4.17.11":
  version: 4.17.11
  resolution: "@types/express@npm:4.17.11"
  dependencies:
    "@types/body-parser": "*"
    "@types/express-serve-static-core": ^4.17.18
    "@types/qs": "*"
    "@types/serve-static": "*"
  checksum: 2818120a0fd8b7982215864929cdc6cd14942dd44849f93054fe2a90b4233dff67aadc34c73b5937922a02c688b0263d00a4807aa2e59307ac859a1458d73669
  languageName: node
  linkType: hard

"@types/mime@npm:^1":
  version: 1.3.2
  resolution: "@types/mime@npm:1.3.2"
  checksum: c354bc135628c2f4ab64801ca3867c3acbd4050611579c4c9f5bdfecfb70db71bb8540bf8611b4319f5ef44139c5f7c5af81254369add5ed59e7e02ce929b96f
  languageName: node
  linkType: hard

"@types/mongodb@npm:^3.5.25, @types/mongodb@npm:^3.6.6":
  version: 3.6.7
  resolution: "@types/mongodb@npm:3.6.7"
  dependencies:
    "@types/bson": "*"
    "@types/node": "*"
  checksum: 9a334a2528455869d7c3af3bd73ebce6647ce372effea9ce91905911e93e36ffc760a60e6779508d49dafa8b75e22bdd9a72fe8d03efc9650f1c652afc59178d
  languageName: node
  linkType: hard

"@types/node@npm:*, @types/node@npm:^14.14.10, @types/node@npm:^14.14.25":
  version: 14.14.27
  resolution: "@types/node@npm:14.14.27"
  checksum: efc78cf6e698e09925a2542bbea932dfe092408f4ce39b8f260b71df502221d76c925fd3227bc1f7427edd9cfb6f8c81c68a56b9ab690f08425e7e6e177e61e0
  languageName: node
  linkType: hard

"@types/qs@npm:*":
  version: 6.9.5
  resolution: "@types/qs@npm:6.9.5"
  checksum: afe4721a802a4b5fa874a7d6d9fd33c9e812bb0ef90dabb050e8072be4ab2e5e817c0feacb9b4e0771d875de99f4d9738217976aeb8d36b81ccd82ded5e9fdc0
  languageName: node
  linkType: hard

"@types/range-parser@npm:*":
  version: 1.2.3
  resolution: "@types/range-parser@npm:1.2.3"
  checksum: 092fabae0ecbd728d3e4debc938cd043e97cb9f210cfec1c56ff6065c6e91666f376eb586591825d6757a058fd1a1dc4831d34e04ecfbb0800f35b8d86d38635
  languageName: node
  linkType: hard

"@types/serve-static@npm:*":
  version: 1.13.9
  resolution: "@types/serve-static@npm:1.13.9"
  dependencies:
    "@types/mime": ^1
    "@types/node": "*"
  checksum: f261127514057b5c038d76259128d7b765dd92bfeaf769d05b8ddf5f254d066ce6142a935e2fc707bb3009d6544a979591852f0d135d0ed4d0c56db08738df6b
  languageName: node
  linkType: hard

"@types/uuid@npm:^8.3.0":
  version: 8.3.0
  resolution: "@types/uuid@npm:8.3.0"
  checksum: 620985aed8fdb4aed153daca5235f4303457a67a4d181efac0021712eabd9edd7e88895f79730c0e651effde7633b1b61e49a81519ac8d4e75019d2ac9b6412f
  languageName: node
  linkType: hard

"accepts@npm:~1.3.4, accepts@npm:~1.3.7":
  version: 1.3.7
  resolution: "accepts@npm:1.3.7"
  dependencies:
    mime-types: ~2.1.24
    negotiator: 0.6.2
  checksum: 2686fa30dbc850db1bf458dc8171fba13c54ed6cb25f4298ec7c2f88b8dfc50351f25c40abe3a948e4ec7a0cc8ea83d1c55c2f73ffa612d18840a8778d4a2ee0
  languageName: node
  linkType: hard

"array-flatten@npm:1.1.1":
  version: 1.1.1
  resolution: "array-flatten@npm:1.1.1"
  checksum: de7a056451ff7891bb1bcda6ce2a50448ca70f63cd0fa7aa90430d288b6dc2931517b6853ce16c473a7f40fa6eaa874e20b6151616db93375471d1ffadfb1d3d
  languageName: node
  linkType: hard

"axis.js@npm:1.2.1":
  version: 1.2.1
  resolution: "axis.js@npm:1.2.1"
  checksum: 00b7e26f56d42748af5b215788223fb1a3abcb5b85bebd92dcfba7b6ed36f2de2143007c087de13ef200c46f62af2cd2c85a78965254e39cfe85b29d816f211f
  languageName: node
  linkType: hard

"balanced-match@npm:^1.0.0":
  version: 1.0.0
  resolution: "balanced-match@npm:1.0.0"
  checksum: f515a605fe1b59f476f7477c5e1d53ad55b4f42982fca1d57b6701906f4ad1f1ac90fd6587d92cc1af2edb43eecf979214dd847ee410a6de9db4ebf0dd128d62
  languageName: node
  linkType: hard

"base64-arraybuffer@npm:0.1.4":
  version: 0.1.4
  resolution: "base64-arraybuffer@npm:0.1.4"
  checksum: be8207c755c206f1053a3ebccb71e48d21d33125df1940d1b176ec26008e521edae8e1aa859b6fb6444b2889e1beec0771274d2f5bc5898d41b35179a55fbe96
  languageName: node
  linkType: hard

"base64id@npm:2.0.0, base64id@npm:~2.0.0":
  version: 2.0.0
  resolution: "base64id@npm:2.0.0"
  checksum: 91517053496f8f6ef5c4f0dc8ea8cda43fe0ff9e268e0309f67da438fb680fc7df8bfba10e5d363d63f33e74babda0ac53d2e821e6d158a840d4091df1c16099
  languageName: node
  linkType: hard

"bl@npm:^2.2.1":
  version: 2.2.1
  resolution: "bl@npm:2.2.1"
  dependencies:
    readable-stream: ^2.3.5
    safe-buffer: ^5.1.1
  checksum: 438c510aa211ec4398819ad1cb4ef1617b0ffeb0f1946c2b359fc5aefbe6f8e22dc2f6788e8746509779fabee89f1c3b34ec87ff30fb7b3d95654d8cd51e3b70
  languageName: node
  linkType: hard

"body-parser@npm:1.19.0, body-parser@npm:^1.19.0":
  version: 1.19.0
  resolution: "body-parser@npm:1.19.0"
  dependencies:
    bytes: 3.1.0
    content-type: ~1.0.4
    debug: 2.6.9
    depd: ~1.1.2
    http-errors: 1.7.2
    iconv-lite: 0.4.24
    on-finished: ~2.3.0
    qs: 6.7.0
    raw-body: 2.4.0
    type-is: ~1.6.17
  checksum: 18c2a81df5eabc7e3541bc9ace394b88e6fbd390989b5e764ff34c3f9dbd097e19986c31baa9b855ec5c2cff2b79157449afb0cdfb97bb99c11d6239b2c47a34
  languageName: node
  linkType: hard

"brace-expansion@npm:^1.1.7":
  version: 1.1.11
  resolution: "brace-expansion@npm:1.1.11"
  dependencies:
    balanced-match: ^1.0.0
    concat-map: 0.0.1
  checksum: 4c878e25e4858baf801945dfd63eb68feab2e502cf1122f25f3915c0e3bf397af3a93ff6bef0798db41c0d81ef28c08e55daac38058710f749a3b96eee6b8f40
  languageName: node
  linkType: hard

"bson@npm:^1.1.4":
  version: 1.1.5
  resolution: "bson@npm:1.1.5"
  checksum: d1e6fe96baac02dacc54cc33f8accce7bd289a22f0e98804e76adbb9af463ee414f6c8aed15fa18c133330fe859a7bb750e432f39549bd823bc73c5e6dc8e1e4
  languageName: node
  linkType: hard

"bytes@npm:3.1.0":
  version: 3.1.0
  resolution: "bytes@npm:3.1.0"
  checksum: c3f64645ef37922c8194fef88a052de2a28101882dfdf8a225493888c4941a26ea15164957e7492e5c5e3a8e98ee6276f4834efacb68e2d8ad4d91f903250b6c
  languageName: node
  linkType: hard

"colonists-server@workspace:.":
  version: 0.0.0-use.local
  resolution: "colonists-server@workspace:."
  dependencies:
    "@types/body-parser": ^1.19.0
    "@types/express": ^4.17.11
    "@types/mongodb": ^3.6.6
    "@types/node": ^14.14.25
    "@types/uuid": ^8.3.0
    body-parser: ^1.19.0
    colonists-shared: "file:../colonists-shared"
    cors: ^2.8.5
    dotenv: ^8.2.0
    esm: ^3.2.25
    express: ^4.17.1
    mongodb: ^3.6.4
    monk: ^7.3.3
    shelljs: ^0.8.4
    socket.io: ^3.1.1
    typescript: ^4.1.3
    uuid: ^8.3.2
  languageName: unknown
  linkType: soft

"colonists-shared@file:../colonists-shared::locator=colonists-server%40workspace%3A.":
  version: 1.0.0
  resolution: "colonists-shared@file:../colonists-shared#../colonists-shared::hash=32bb22&locator=colonists-server%40workspace%3A."
  dependencies:
    honeycomb-grid: ^3.1.7
    uuid: ^8.3.2
  checksum: af0e23174ea5e84370923e86cd78715c090c533840a729e2d0a50aa427b7145382311fe99bfebe14d00ca8e1d5e3edace91e51cf805b3fbbe413cb07ad4d1a1d
  languageName: node
  linkType: hard

"component-emitter@npm:~1.3.0":
  version: 1.3.0
  resolution: "component-emitter@npm:1.3.0"
  checksum: fc4edbf1014f0aed88dcec33ca02d2938734e428423f640d8a3f94975615b8e8c506c19e29b93949637c5a281353e75fa79e299e0d57732f42a9fe346cb2cad6
  languageName: node
  linkType: hard

"concat-map@npm:0.0.1":
  version: 0.0.1
  resolution: "concat-map@npm:0.0.1"
  checksum: 554e28d9ee5aa6e061795473ee092cb3d3a2cbdb76c35416e0bb6e03f136d7d07676da387b2ed0ec4106cedbb6534080d9abc48ecc4a92b76406cf2d0c3c0c4b
  languageName: node
  linkType: hard

"content-disposition@npm:0.5.3":
  version: 0.5.3
  resolution: "content-disposition@npm:0.5.3"
  dependencies:
    safe-buffer: 5.1.2
  checksum: 8f1f235c0423be68023df7f5a3948601d859ce44ee94e1d0fa2a97383bd469e789320b6ddf6f31b3620605c75cf771522df11386f51aff401e5d51b6ccfde3e2
  languageName: node
  linkType: hard

"content-type@npm:~1.0.4":
  version: 1.0.4
  resolution: "content-type@npm:1.0.4"
  checksum: ff6e19cbf281c23d5608723a6dc60ac97e2280bd4d21602511283112321e6c1555895e395555e367672b54a0f1585276284b7c3c8be313aca73902ac2f2609fd
  languageName: node
  linkType: hard

"cookie-signature@npm:1.0.6":
  version: 1.0.6
  resolution: "cookie-signature@npm:1.0.6"
  checksum: 305054e102eebd0a483c63aefdc3abf54a9471bed5eb12be56c0dcf35a94110b8a13139b27751ab07a5ef09e9f4190ee67f71e9d3acf1748e6e2f1aed338c987
  languageName: node
  linkType: hard

"cookie@npm:0.4.0":
  version: 0.4.0
  resolution: "cookie@npm:0.4.0"
  checksum: 7aaef4b642c533600fdd001d963a507dfcd814267503374e51d9743475d024feeff8b0b4ddd0777a25791a2efbdfd8bc4a0fe0696104efa195e8f8584807d410
  languageName: node
  linkType: hard

"cookie@npm:~0.4.1":
  version: 0.4.1
  resolution: "cookie@npm:0.4.1"
  checksum: b8e0928e3e7aba013087974b33a6eec730b0a68b7ec00fc3c089a56ba2883bcf671252fc2ed64775aa1ca64796b6e1f6fdddba25a66808aef77614d235fd3e06
  languageName: node
  linkType: hard

"core-util-is@npm:~1.0.0":
  version: 1.0.2
  resolution: "core-util-is@npm:1.0.2"
  checksum: 089015ee3c462dfceba70faa1df83b42a7bb35db26dae6af283247b06fe3216c65fccd9f00eebcaf98300dc31e981d56aae9f90b624f8f6ff1153e235ff88b65
  languageName: node
  linkType: hard

"cors@npm:^2.8.5, cors@npm:~2.8.5":
  version: 2.8.5
  resolution: "cors@npm:2.8.5"
  dependencies:
    object-assign: ^4
    vary: ^1
  checksum: c83e88c15428b87ff55853ec5ce961b650c7aa3de536aadebbeb2334872d86a8be57165a77996f3b746366c950c2d51624a9b76b88fb7f18d178eca051ca1ae2
  languageName: node
  linkType: hard

"debug@npm:*, debug@npm:~4.3.1":
  version: 4.3.2
  resolution: "debug@npm:4.3.2"
  dependencies:
    ms: 2.1.2
  peerDependenciesMeta:
    supports-color:
      optional: true
  checksum: 5543570879e2274f6725d4285a034d6e0822d35faefc6f55965933fb440e8c21eb3a0bef934e66f4b6b491f898ee2de37cab980e9d4fd61372136c19d3ce4527
  languageName: node
  linkType: hard

"debug@npm:2.6.9":
  version: 2.6.9
  resolution: "debug@npm:2.6.9"
  dependencies:
    ms: 2.0.0
  checksum: 559f44f98cf25e2ee489022aec173afbff746564cb108c4493becb95bc3c017a67bdaa25a0ff64801fd32c35051d00af0e56cc7f762ae2c3bc089496e5a1c31b
  languageName: node
  linkType: hard

"denque@npm:^1.4.1":
  version: 1.5.0
  resolution: "denque@npm:1.5.0"
  checksum: 3564778cda60c7dee3f1d71e397e50e6b39a8c06118aab9843b9396cb621b3191ab56d13de5237b8beee2b87bec485e8239c58ca3133472d2d1eaa3d2d518022
  languageName: node
  linkType: hard

"depd@npm:~1.1.2":
  version: 1.1.2
  resolution: "depd@npm:1.1.2"
  checksum: f45566ff7019a346852f095768a380778ed544de24e103b479fd5d3e61982d670efbb5234c09d0588d7fdb09c26c48283d7150e4be5e6ce5d3d37cd268d75c4d
  languageName: node
  linkType: hard

"destroy@npm:~1.0.4":
  version: 1.0.4
  resolution: "destroy@npm:1.0.4"
  checksum: 5a516fc5a8a8089eecdac11da2339353542be7a71102dc5a1372ef6161501bf5c1ee59ff9f8a3f5f14cc8c88594d606f855f816d46a228ee5e0e5cb2b543534b
  languageName: node
  linkType: hard

"dotenv@npm:^8.2.0":
  version: 8.2.0
  resolution: "dotenv@npm:8.2.0"
  checksum: 16cb89cbd7b98b053899b8aba8c5044c8fb61a2db8a81fe70360b75035fce5fed53bd7a34d772be717d0880c0321122a4c09423f518025e1b52d96791521b1a7
  languageName: node
  linkType: hard

"ee-first@npm:1.1.1":
  version: 1.1.1
  resolution: "ee-first@npm:1.1.1"
  checksum: ba74f91398e3ee3b6d665b2f0d13ad6530e89a7e64ec886a6eec0602fb8a5a274652960e21bd5d4b42fdeb9017d873ff872f50342d38779e955285977edb337c
  languageName: node
  linkType: hard

"encodeurl@npm:~1.0.2":
  version: 1.0.2
  resolution: "encodeurl@npm:1.0.2"
  checksum: 6ee5fcbcd245d2a2b6bd6fe36b80f91e31ab46e29192c50af00e8f860c0c2310ebbdaae40257878fdce90b42abcb3526895c7c3a2e229461ed1f0d0b5a020fc8
  languageName: node
  linkType: hard

"engine.io-parser@npm:~4.0.0":
  version: 4.0.2
  resolution: "engine.io-parser@npm:4.0.2"
  dependencies:
    base64-arraybuffer: 0.1.4
  checksum: fe5543911fb9451501c062fe6f0965ffd80064036daba4b7dda2190038436fd00875a049194381edd936dc27eaa0e52dca7f4113b0116d962ebd7cfe67247fc1
  languageName: node
  linkType: hard

"engine.io@npm:~4.1.0":
  version: 4.1.1
  resolution: "engine.io@npm:4.1.1"
  dependencies:
    accepts: ~1.3.4
    base64id: 2.0.0
    cookie: ~0.4.1
    cors: ~2.8.5
    debug: ~4.3.1
    engine.io-parser: ~4.0.0
    ws: ~7.4.2
  checksum: 395181761f25ce5cfb19c5b08e2c07edede9fbc0c896d1d1d267a2e01056b2bceb92834bff16f46e10bf0d0c20810d291973b6762f7ec57e5e402c1d929612a4
  languageName: node
  linkType: hard

"escape-html@npm:~1.0.3":
  version: 1.0.3
  resolution: "escape-html@npm:1.0.3"
  checksum: 900a7f2b80b9f89c85b7a303d1b7a4d354b93e328871414f165f13c5c209a80eab787e3a63429e596877def69fe4dcb3d1b55af655207a901a9ec99f7f148743
  languageName: node
  linkType: hard

"esm@npm:^3.2.25":
  version: 3.2.25
  resolution: "esm@npm:3.2.25"
  checksum: 12a0272aaa15ce4bc07e52cbb66d471cf56ad81ad1a3c1d9f6fa1e29e8c2712716333825e2572f9dbdfdc787e5717a75cb00ce2846e2a50e2bba6971c24402f3
  languageName: node
  linkType: hard

"etag@npm:~1.8.1":
  version: 1.8.1
  resolution: "etag@npm:1.8.1"
  checksum: f18341a3c12a554ec46c0d4756bc9cae177e92f25a4ebd9ceefebf0ee448b675972fc110879f22b1bf514174713921ae5de9ff77af2062d422b1085588465a57
  languageName: node
  linkType: hard

"express@npm:^4.17.1":
  version: 4.17.1
  resolution: "express@npm:4.17.1"
  dependencies:
    accepts: ~1.3.7
    array-flatten: 1.1.1
    body-parser: 1.19.0
    content-disposition: 0.5.3
    content-type: ~1.0.4
    cookie: 0.4.0
    cookie-signature: 1.0.6
    debug: 2.6.9
    depd: ~1.1.2
    encodeurl: ~1.0.2
    escape-html: ~1.0.3
    etag: ~1.8.1
    finalhandler: ~1.1.2
    fresh: 0.5.2
    merge-descriptors: 1.0.1
    methods: ~1.1.2
    on-finished: ~2.3.0
    parseurl: ~1.3.3
    path-to-regexp: 0.1.7
    proxy-addr: ~2.0.5
    qs: 6.7.0
    range-parser: ~1.2.1
    safe-buffer: 5.1.2
    send: 0.17.1
    serve-static: 1.14.1
    setprototypeof: 1.1.1
    statuses: ~1.5.0
    type-is: ~1.6.18
    utils-merge: 1.0.1
    vary: ~1.1.2
  checksum: c4b470d623152c148e874b08d4afc35ea9498547c31a6ff6dae767ae11e3a59508a299732e9f45bfa2885685fbe2b75ca360862977798dfcec28ff2a4260eab2
  languageName: node
  linkType: hard

"finalhandler@npm:~1.1.2":
  version: 1.1.2
  resolution: "finalhandler@npm:1.1.2"
  dependencies:
    debug: 2.6.9
    encodeurl: ~1.0.2
    escape-html: ~1.0.3
    on-finished: ~2.3.0
    parseurl: ~1.3.3
    statuses: ~1.5.0
    unpipe: ~1.0.0
  checksum: f2e5b6bfe2201f13e74408530a7f354b7846ab3e648b3dde4f8ed3b773c8a743c16b0f378cb5113df7fef84c5be364bb1a3655f0a75571f163c982289fbd9671
  languageName: node
  linkType: hard

"forwarded@npm:~0.1.2":
  version: 0.1.2
  resolution: "forwarded@npm:0.1.2"
  checksum: 568d862ad1c514813fc62dc1bd58b8669b16d4ee2e634a6fc71f4849df798883ab94e63d8e1b35a17af51b2b39ca869e672c7310efe42fc7b9bad43a80b5ff87
  languageName: node
  linkType: hard

"fresh@npm:0.5.2":
  version: 0.5.2
  resolution: "fresh@npm:0.5.2"
  checksum: 2f76c8505d1ea5a6d5accea3e7aff0b796bfa43364c84929254f33909fa08640948bd1728220d1ff5f4c2b378a65e97da647f2fe0f2b7ddb44001f6e0dc2e91f
  languageName: node
  linkType: hard

"fs.realpath@npm:^1.0.0":
  version: 1.0.0
  resolution: "fs.realpath@npm:1.0.0"
  checksum: 698a91b1695e3926185c9e5b0dd57cf687dceb4eb73799af91e6b2ab741735e2962c366c5af6403ffddae2619914193bd339efa706fdc984d0ffc74b7a3603f4
  languageName: node
  linkType: hard

"function-bind@npm:^1.1.1":
  version: 1.1.1
  resolution: "function-bind@npm:1.1.1"
  checksum: ffad86e7d2010ba179aaa6a3987d2cc0ed48fa92d27f1ed84bfa06d14f77deeed5bfbae7f00bdebc0c54218392cab2b18ecc080e2c72f592431927b87a27d42b
  languageName: node
  linkType: hard

"glob@npm:^7.0.0":
  version: 7.1.6
  resolution: "glob@npm:7.1.6"
  dependencies:
    fs.realpath: ^1.0.0
    inflight: ^1.0.4
    inherits: 2
    minimatch: ^3.0.4
    once: ^1.3.0
    path-is-absolute: ^1.0.0
  checksum: 789977b52432865bd63846da5c75a6efc2c56abdc0cb5ffcdb8e91eeb67a58fa5594c1195d18b2b4aff99675b0739ed6bd61024b26562e0cca18c8f993efdc82
  languageName: node
  linkType: hard

"has@npm:^1.0.3":
  version: 1.0.3
  resolution: "has@npm:1.0.3"
  dependencies:
    function-bind: ^1.1.1
  checksum: c686e15300d41364486c099a9259d9c418022c294244843dcd712c4c286ff839d4f23a25413baa28c4d2c1e828afc2aaab70f685400b391533980223c71fa1ca
  languageName: node
  linkType: hard

"honeycomb-grid@npm:^3.1.7":
  version: 3.1.7
  resolution: "honeycomb-grid@npm:3.1.7"
  dependencies:
    axis.js: 1.2.1
  checksum: 12dfd7faa7dd414240b7e24b07cc88870df59f6e6c2be956f4ec806afc3e7da4cde823f142715f289d7a3e9a75e2b3419a32f0998232631129f13849f80ba29d
  languageName: node
  linkType: hard

"http-errors@npm:1.7.2":
  version: 1.7.2
  resolution: "http-errors@npm:1.7.2"
  dependencies:
    depd: ~1.1.2
    inherits: 2.0.3
    setprototypeof: 1.1.1
    statuses: ">= 1.5.0 < 2"
    toidentifier: 1.0.0
  checksum: 8ce4a4af05a3652c81768a2754ced24b86ff62e7bee147a27b6ef8cde24e7a48f9fbfcb87ec6f67781879b95f1b35d3f8d6378e8555eb7d469ce875f4e184418
  languageName: node
  linkType: hard

"http-errors@npm:~1.7.2":
  version: 1.7.3
  resolution: "http-errors@npm:1.7.3"
  dependencies:
    depd: ~1.1.2
    inherits: 2.0.4
    setprototypeof: 1.1.1
    statuses: ">= 1.5.0 < 2"
    toidentifier: 1.0.0
  checksum: 563ae4a3f19c89029212922bade6ffcd0e4b7fa52e539f08c8f6941de7eaccb00bf76cb7692662192f2f0d567d4ac1f9d6a3d0ee70b166c8540cf791497f90ea
  languageName: node
  linkType: hard

"iconv-lite@npm:0.4.24":
  version: 0.4.24
  resolution: "iconv-lite@npm:0.4.24"
  dependencies:
    safer-buffer: ">= 2.1.2 < 3"
  checksum: a9b9521066ee81853a8561e92bd7240bc5d3b7d5ef7da807a475e7858b0246e318b6af518c30a20a8749ef5eafeaa9631079446e4e696c7b60f468b34dc2cbfc
  languageName: node
  linkType: hard

"inflight@npm:^1.0.4":
  version: 1.0.6
  resolution: "inflight@npm:1.0.6"
  dependencies:
    once: ^1.3.0
    wrappy: 1
  checksum: 17c53fc42cbe7f7f471d2bc41b97a0cde4b79a74d5ff59997d3f75210566fa278e17596da526d43de2bd07e222706240ce50e60097e54f2cde2e64cbbb372638
  languageName: node
  linkType: hard

"inherits@npm:2, inherits@npm:2.0.4, inherits@npm:~2.0.3":
  version: 2.0.4
  resolution: "inherits@npm:2.0.4"
  checksum: 98426da247ddfc3dcd7d7daedd90c3ca32d5b08deca08949726f12d49232aef94772a07b36cf4ff833e105ae2ef931777f6de4a6dd8245a216b9299ad4a50bea
  languageName: node
  linkType: hard

"inherits@npm:2.0.3":
  version: 2.0.3
  resolution: "inherits@npm:2.0.3"
  checksum: 9488f9433effbc24474f6baee8014e5337c7f99305ecb4204fa5864ae7655c24225780d87fc65ed8d3d374715a18c5dc8c69fe3bf9745cde2e7acd0ac068a07b
  languageName: node
  linkType: hard

"interpret@npm:^1.0.0":
  version: 1.4.0
  resolution: "interpret@npm:1.4.0"
  checksum: f15725d76206525546f559030ddc967db025c6db904eb8798a70ec3c07e42c5537c5cbc73a15eafd4ae5cdabad35601abf8878261c03dcc8217747e8037575fe
  languageName: node
  linkType: hard

"ipaddr.js@npm:1.9.1":
  version: 1.9.1
  resolution: "ipaddr.js@npm:1.9.1"
  checksum: de15bc7e63973d960abc43c9fbbf19589c726774f59d157d1b29382a1e86ae87c68cbd8b5c78a1712a87fc4fcd91e10762c7671950c66a1a19040ff4fd2f9c9b
  languageName: node
  linkType: hard

"is-core-module@npm:^2.2.0":
  version: 2.2.0
  resolution: "is-core-module@npm:2.2.0"
  dependencies:
    has: ^1.0.3
  checksum: 2344744de98a3bc22e2bb30895f307d7889f09e963f9bcb1cc321788f508c8b463f75e0a9ca009eeeb8eb9465181b5c15f1ec9299a6bb6921cfbb2423892e0ba
  languageName: node
  linkType: hard

"isarray@npm:~1.0.0":
  version: 1.0.0
  resolution: "isarray@npm:1.0.0"
  checksum: b0ff31a290e783f7b3fb73f2951ee7fc2946dc197b05f73577dc77f87dc3be2e0f66007bedf069123d4e5c4b691e7c89a241f6ca06f0c0f4765cdac5aa4b4047
  languageName: node
  linkType: hard

"media-typer@npm:0.3.0":
  version: 0.3.0
  resolution: "media-typer@npm:0.3.0"
  checksum: be1c825782df7f38eebd451d778f6407bb15a59c8807a69e7f2ad74a25440e474536441c6bf583fdf2803ea23b866e91ff68f565cda297211dd89147758c8df3
  languageName: node
  linkType: hard

"memory-pager@npm:^1.0.2":
  version: 1.5.0
  resolution: "memory-pager@npm:1.5.0"
  checksum: 6812af8165a31e729df25af125ba91b7ea7f3cacaf73a1c139b755be640cab9dfa4bb05b9acfc5d5f1f540b334203f26dac0662576033dd351e0a798abc4d72a
  languageName: node
  linkType: hard

"merge-descriptors@npm:1.0.1":
  version: 1.0.1
  resolution: "merge-descriptors@npm:1.0.1"
  checksum: 2d2a09eaac840a7ceac7a13b44b7c8abf3ecccd93a609c3525d8290cb5d814336cc7c0b1dd485ae3bc471ed354eeefb153475ce2e1604ccdf79eebe74021c192
  languageName: node
  linkType: hard

"methods@npm:~1.1.2":
  version: 1.1.2
  resolution: "methods@npm:1.1.2"
  checksum: 450e4ea0fd4a0f3de8c0593d753c7d6c8f2ee49766f5ef35c68cc2ac41699d5e295b7d6330fc2b7271b8569a07857e3eb0b5df0599a353c5808265b4b5066168
  languageName: node
  linkType: hard

"mime-db@npm:1.45.0":
  version: 1.45.0
  resolution: "mime-db@npm:1.45.0"
  checksum: 86701c54f748c72a5c05c16f881cdfa01db44a61e52f4cef3d872b5f3e4a3c4186c28df7a5fec31debc9bee42d5afc9b86ff8ff3d3eaf1440f07140b94a33d4a
  languageName: node
  linkType: hard

"mime-types@npm:~2.1.24":
  version: 2.1.28
  resolution: "mime-types@npm:2.1.28"
  dependencies:
    mime-db: 1.45.0
  checksum: 89d14a1af2be7f3c9682d1af98f422addce894b9c3ed1e67acb6e59e4c910c58a3586db686d894b47708d07c2ae76de4246b66dc4a7d698b0d1bd761c309bb92
  languageName: node
  linkType: hard

"mime@npm:1.6.0":
  version: 1.6.0
  resolution: "mime@npm:1.6.0"
  bin:
    mime: cli.js
  checksum: d540c24dd3e3a9e25e813714e55ff2f7841a3a1a47aed9786c508bd0251653d5e9abbfb1163c0c6e1be99f872d7fa1538c068bd6e306e9cb12dd9affa841a61e
  languageName: node
  linkType: hard

"minimatch@npm:^3.0.4":
  version: 3.0.4
  resolution: "minimatch@npm:3.0.4"
  dependencies:
    brace-expansion: ^1.1.7
  checksum: 47eab9263962cacd5733e274ecad2d8e54b0f8e124ba35ae69189e296058f634a4967b87a98954f86fa5c830ff177caf827ce0136d28717ed3232951fb4fae62
  languageName: node
  linkType: hard

"mongodb@npm:^3.2.3, mongodb@npm:^3.6.4":
  version: 3.6.4
  resolution: "mongodb@npm:3.6.4"
  dependencies:
    bl: ^2.2.1
    bson: ^1.1.4
    denque: ^1.4.1
    require_optional: ^1.0.1
    safe-buffer: ^5.1.2
    saslprep: ^1.0.0
  dependenciesMeta:
    saslprep:
      optional: true
  peerDependenciesMeta:
    aws4:
      optional: true
    bson-ext:
      optional: true
    kerberos:
      optional: true
    mongodb-client-encryption:
      optional: true
    mongodb-extjson:
      optional: true
    snappy:
      optional: true
  checksum: f2331e7cdce7694b033346f898af9429bab53505ffc1175cb66e370eecc26eb3ae08d950f57ee6ca0be1a4d24f735c40ac758f3e8f0f68826b43e7a36ed5f5bf
  languageName: node
  linkType: hard

"monk-middleware-cast-ids@npm:^0.2.1":
  version: 0.2.1
  resolution: "monk-middleware-cast-ids@npm:0.2.1"
  checksum: 39f913cd366039f444241744290b7db180dcdc63c6453a90a757a315b48bf2c74002d619702dfb0fa5b5d2829eb5351272754d53752fb2b2ad06f40c102787e6
  languageName: node
  linkType: hard

"monk-middleware-fields@npm:^0.2.0":
  version: 0.2.0
  resolution: "monk-middleware-fields@npm:0.2.0"
  checksum: 6bd6dfe2a18bcce2b564c3da96c0ffc0c6ba6c1e27eea5acf71be594b55eaf3e7620d27bc7975d29ebf11b5c835f2b01a8d9adb4bcdfb0c486c855cc1c06e015
  languageName: node
  linkType: hard

"monk-middleware-handle-callback@npm:^0.2.0":
  version: 0.2.2
  resolution: "monk-middleware-handle-callback@npm:0.2.2"
  checksum: b60f4efb9448eca1e3d6907e6691b5cd78bac408f6dba6629f8a4db9ffa233c999c1091b9a8edd1d90894b567d9d67d34a7b0310a0139404570f9c8871b96b92
  languageName: node
  linkType: hard

"monk-middleware-options@npm:^0.2.1":
  version: 0.2.1
  resolution: "monk-middleware-options@npm:0.2.1"
  checksum: 5a59eb9f027b078be0710e854e56c212f31a34f0b3a7466f731e443257523ecf7fd2554b904b46bd8b909dabf11078efe661270885558e07a3d35a66bc96704c
  languageName: node
  linkType: hard

"monk-middleware-query@npm:^0.2.0":
  version: 0.2.0
  resolution: "monk-middleware-query@npm:0.2.0"
  checksum: ec80807b13c1a56e860095d03ea74a9c81eb133561968a2e16a84f690ff57878496b76faf9dee884aa54b07bc7e2acd53030d3ff1d9aa8d8d05fb1e018f064a8
  languageName: node
  linkType: hard

"monk-middleware-wait-for-connection@npm:^0.2.0":
  version: 0.2.0
  resolution: "monk-middleware-wait-for-connection@npm:0.2.0"
  checksum: 067091dc1809b3ffb84083dd13cb769215f226c31364885b0222fb7daa6dd3b9c5933a4f568095408ddfe8dfdbd0c0c58ed2e373caa1249e951eae343cba7133
  languageName: node
  linkType: hard

"monk@npm:^7.3.3":
  version: 7.3.3
  resolution: "monk@npm:7.3.3"
  dependencies:
    "@types/mongodb": ^3.5.25
    debug: "*"
    mongodb: ^3.2.3
    monk-middleware-cast-ids: ^0.2.1
    monk-middleware-fields: ^0.2.0
    monk-middleware-handle-callback: ^0.2.0
    monk-middleware-options: ^0.2.1
    monk-middleware-query: ^0.2.0
    monk-middleware-wait-for-connection: ^0.2.0
    object-assign: ^4.1.1
  checksum: 741fe625c60e776cdbc0421e5bbe9de71cfb4126d2546c169800f1efbad61cd3593bb5725d248f34949b74fa3dec1bff6ef7214e0daa67ef5a9d91c0686524e0
  languageName: node
  linkType: hard

"ms@npm:2.0.0":
  version: 2.0.0
  resolution: "ms@npm:2.0.0"
  checksum: 1a230340cc7f322fbe916783d8c8d60455407c6b7fb7f901d6ee34eb272402302c5c7f070a97b8531245cbb4ca6a0a623f6a128d7e5a5440cefa2c669c0b35bb
  languageName: node
  linkType: hard

"ms@npm:2.1.1":
  version: 2.1.1
  resolution: "ms@npm:2.1.1"
  checksum: 81ad38c74df2473ce9fbed8bb71a00220c3d9e237ebd576306c9f6ca3221b251d602c7d199808944be1a3d7cda5883e72c77adb473734ba30f6e032165e05ebc
  languageName: node
  linkType: hard

"ms@npm:2.1.2":
  version: 2.1.2
  resolution: "ms@npm:2.1.2"
  checksum: 9b65fb709bc30c0c07289dcbdb61ca032acbb9ea5698b55fa62e2cebb04c5953f1876a1f3f7f4bc2e91d4bf4d86003f3e207c3bc6ee2f716f99827e62389cd0e
  languageName: node
  linkType: hard

"negotiator@npm:0.6.2":
  version: 0.6.2
  resolution: "negotiator@npm:0.6.2"
  checksum: 4b230bd15f0862d16c54ce0243fcfcf835ad59c8e58c467b4504dd28c9868cff71ff485b02cc575dc69dca819b58a1fadc9fb28403f45721f38a8fffde007d54
  languageName: node
  linkType: hard

"object-assign@npm:^4, object-assign@npm:^4.1.1":
  version: 4.1.1
  resolution: "object-assign@npm:4.1.1"
  checksum: 66cf021898fc1b13ea573ea8635fbd5a76533f50cecbc2fcd5eee1e8029af41bcebe7023788b6d0e06cbe4401ecea075d972f78ec74467cdc571a0f1a4d1a081
  languageName: node
  linkType: hard

"on-finished@npm:~2.3.0":
  version: 2.3.0
  resolution: "on-finished@npm:2.3.0"
  dependencies:
    ee-first: 1.1.1
  checksum: 362e64608287d31ffd96a15fb9305a410b3e4d07c86f277fae907e38af46bc6f5ff948de90eabb81dc5632ca7f9a290085acc5410c378053dfa9860451d97ee5
  languageName: node
  linkType: hard

"once@npm:^1.3.0":
  version: 1.4.0
  resolution: "once@npm:1.4.0"
  dependencies:
    wrappy: 1
  checksum: 57afc246536cf6494437f982b26475f22bee860f8b77ce8eb1543f42a8bffe04b2c66ddfea9a16cb25ccb80943f8ee4fc639367ef97b7a6a4f2672eb573963f5
  languageName: node
  linkType: hard

"parseurl@npm:~1.3.3":
  version: 1.3.3
  resolution: "parseurl@npm:1.3.3"
  checksum: 52c9e86cb58e38b28f1a50a6354d16648974ab7a2b91b209f97102840471de8adf524427774af6d5bc482fb7c0a6af6ba08ab37de9a1a7ae389ebe074015914b
  languageName: node
  linkType: hard

"path-is-absolute@npm:^1.0.0":
  version: 1.0.1
  resolution: "path-is-absolute@npm:1.0.1"
  checksum: 907e1e3e6ac0aef6e65adffd75b3892191d76a5b94c5cf26b43667c4240531d11872ca6979c209b2e5e1609f7f579d02f64ba9936b48bb59d36cc529f0d965ed
  languageName: node
  linkType: hard

"path-parse@npm:^1.0.6":
  version: 1.0.6
  resolution: "path-parse@npm:1.0.6"
  checksum: 2eee4b93fb3ae13600e3fca18390d9933bbbcf725a624f6b8df020d87515a74872ff6c58072190d6dc75a5584a683dc6ae5c385ad4e4f4efb6e66af040d56c67
  languageName: node
  linkType: hard

"path-to-regexp@npm:0.1.7":
  version: 0.1.7
  resolution: "path-to-regexp@npm:0.1.7"
  checksum: 342fdb0ca48415d6eccdbe6d4180fd0fa4786ccc96ab3f74fcdf7acfc99e075af25e6077c8086c341dcfb4f5f84401ecd21e6cd7b24e0c3b556fb7ffb2570da7
  languageName: node
  linkType: hard

"process-nextick-args@npm:~2.0.0":
  version: 2.0.1
  resolution: "process-nextick-args@npm:2.0.1"
  checksum: ddeb0f07d0d5efa649c2c5e39d1afd0e3668df2b392d036c8a508b0034f7beffbc474b3c2f7fd3fed2dc4113cef8f1f7e00d05690df3c611b36f6c7efd7852d1
  languageName: node
  linkType: hard

"proxy-addr@npm:~2.0.5":
  version: 2.0.6
  resolution: "proxy-addr@npm:2.0.6"
  dependencies:
    forwarded: ~0.1.2
    ipaddr.js: 1.9.1
  checksum: a7dcfd70258cdc3b73c5dc4a35c73db9857f3bf4cf5e6404380e8ea558f8c5569147e721a01195d00b450e36b4dde727fc9d22fdea14310ba38faa595530cd58
  languageName: node
  linkType: hard

"qs@npm:6.7.0":
  version: 6.7.0
  resolution: "qs@npm:6.7.0"
  checksum: 8590470436ff0a75ae35e6b45fd7260e2beb537ff8ec1104f9703a349b09ce1aa27e8e1c06b9ad25ac62fc098e12cc65df93042a233128a0276ccd6de4c7819a
  languageName: node
  linkType: hard

"range-parser@npm:~1.2.1":
  version: 1.2.1
  resolution: "range-parser@npm:1.2.1"
  checksum: 05074f5b23dbdc24acdae9821dd684fbc9c0d770cdaa4469ab529d8e0fc1338aa33561a4c7c14a1f9bdcb3b5e9a3770e5a80318258a72289a7ef05fcda72a707
  languageName: node
  linkType: hard

"raw-body@npm:2.4.0":
  version: 2.4.0
  resolution: "raw-body@npm:2.4.0"
  dependencies:
    bytes: 3.1.0
    http-errors: 1.7.2
    iconv-lite: 0.4.24
    unpipe: 1.0.0
  checksum: 46dc02f8b4f358786d41e18fb55533fbe4702d390e22bbe2b9c98c88dec41cab23ea2315f3ae0bf4bc0213a2872c89943d3df6857f4e21f996ea9d2d92f1bcaa
  languageName: node
  linkType: hard

"readable-stream@npm:^2.3.5":
  version: 2.3.7
  resolution: "readable-stream@npm:2.3.7"
  dependencies:
    core-util-is: ~1.0.0
    inherits: ~2.0.3
    isarray: ~1.0.0
    process-nextick-args: ~2.0.0
    safe-buffer: ~5.1.1
    string_decoder: ~1.1.1
    util-deprecate: ~1.0.1
  checksum: 6e3826560627a751feb3a8aec073ef94c6e47b8c8e06eb5d136323b5f09db9d2077c23a42a8d54ed0123695af54b36c1e4271a8ec55112b15f4b89020d8dec72
  languageName: node
  linkType: hard

"rechoir@npm:^0.6.2":
  version: 0.6.2
  resolution: "rechoir@npm:0.6.2"
  dependencies:
    resolve: ^1.1.6
  checksum: 6646a6bce733282d182bf04816b15d4e2d63736b3453cf62a8568aaa1399621a73b3942315161f549e090f9a3c61bc09f4cb674f928c369a40037621e10295bd
  languageName: node
  linkType: hard

"require_optional@npm:^1.0.1":
  version: 1.0.1
  resolution: "require_optional@npm:1.0.1"
  dependencies:
    resolve-from: ^2.0.0
    semver: ^5.1.0
  checksum: 2a7cae14fcb0f7aac9e1837bde2edc1e95b2cf635376df09e973151ea735b77f2069e6bf9e1a1c5dd27f052e0b00a477db15807302a1ceeb487307ea61416bee
  languageName: node
  linkType: hard

"resolve-from@npm:^2.0.0":
  version: 2.0.0
  resolution: "resolve-from@npm:2.0.0"
  checksum: e2cfa9d4402ceb731ce14f639248c8a8a364db8710ba3360a4492046c6688084235645a4f4004ac7d9acf40bc0644fac6d8c24f9012c7e5773234a7c09d57cb4
  languageName: node
  linkType: hard

resolve@^1.1.6:
  version: 1.20.0
  resolution: "resolve@npm:1.20.0"
  dependencies:
    is-core-module: ^2.2.0
    path-parse: ^1.0.6
  checksum: 0f5206d454b30e74d9b2d575b5f8aedf443c4d8b90b84cdf79474ade29bb459075220da3127b682896872a16022ed65cc4db09e0f23849654144d3d75c65cd1b
  languageName: node
  linkType: hard

"resolve@patch:resolve@^1.1.6#builtin<compat/resolve>":
  version: 1.20.0
  resolution: "resolve@patch:resolve@npm%3A1.20.0#builtin<compat/resolve>::version=1.20.0&hash=3388aa"
  dependencies:
    is-core-module: ^2.2.0
    path-parse: ^1.0.6
  checksum: c4a515b76026806b5b26513fc7bdb80458c532bc91c02ef45ac928d1025585f93bec0b904be39c02131118a37ff7e3f9258f1526850b025d2ec0948bb5fd03d0
  languageName: node
  linkType: hard

"safe-buffer@npm:5.1.2, safe-buffer@npm:~5.1.0, safe-buffer@npm:~5.1.1":
  version: 5.1.2
  resolution: "safe-buffer@npm:5.1.2"
  checksum: 2708587c1b5e70a5e420714ceb59f30f5791c6e831d39812125a008eca63a4ac18578abd020a0776ea497ff03b4543f2b2a223a7b9073bf2d6c7af9ec6829218
  languageName: node
  linkType: hard

"safe-buffer@npm:^5.1.1, safe-buffer@npm:^5.1.2":
  version: 5.2.1
  resolution: "safe-buffer@npm:5.2.1"
  checksum: 0bb57f0d8f9d1fa4fe35ad8a2db1f83a027d48f2822d59ede88fd5cd4ddad83c0b497213feb7a70fbf90597a70c5217f735b0eb1850df40ce9b4ae81dd22b3f9
  languageName: node
  linkType: hard

"safer-buffer@npm:>= 2.1.2 < 3":
  version: 2.1.2
  resolution: "safer-buffer@npm:2.1.2"
  checksum: 549ba83f5b314b59898efe3422120ce1ca7987a6eae5925a5fa5db930dc414d4a9dde0a5594f89638cd6ea60b6840ea961872908933ac2428d1726489db46fa5
  languageName: node
  linkType: hard

"saslprep@npm:^1.0.0":
  version: 1.0.3
  resolution: "saslprep@npm:1.0.3"
  dependencies:
    sparse-bitfield: ^3.0.3
  checksum: d007f50fe6578814d7b6c06f528cf7b08f1e12292b1c7d671a29a7a709cec29527d85352d1de3e020b3ee30017a9abd58252ff27b5042b889acd4a67b089c38c
  languageName: node
  linkType: hard

"semver@npm:^5.1.0":
  version: 5.7.1
  resolution: "semver@npm:5.7.1"
  bin:
    semver: ./bin/semver
  checksum: 06ff0ed753ebf741b7602be8faad620d6e160a2cb3f61019d00d919c8bca141638aa23c34da779b8595afdc9faa3678bfbb5f60366b6a4f65f98cf86605bbcdb
  languageName: node
  linkType: hard

"send@npm:0.17.1":
  version: 0.17.1
  resolution: "send@npm:0.17.1"
  dependencies:
    debug: 2.6.9
    depd: ~1.1.2
    destroy: ~1.0.4
    encodeurl: ~1.0.2
    escape-html: ~1.0.3
    etag: ~1.8.1
    fresh: 0.5.2
    http-errors: ~1.7.2
    mime: 1.6.0
    ms: 2.1.1
    on-finished: ~2.3.0
    range-parser: ~1.2.1
    statuses: ~1.5.0
  checksum: 58e4ab2e07e8dfb206ca954a9b85f4e367aba0e4d59ce4c9c96a82034385b67f25d33ad526fdb69d635744bbe4d8afea06e2c0348d7d32920e3489d86dc3ec6f
  languageName: node
  linkType: hard

"serve-static@npm:1.14.1":
  version: 1.14.1
  resolution: "serve-static@npm:1.14.1"
  dependencies:
    encodeurl: ~1.0.2
    escape-html: ~1.0.3
    parseurl: ~1.3.3
    send: 0.17.1
  checksum: 97e8c94ec02950d019000ca12a8e0b4fdeaaabb7ae965c1c05557b55b48114716ae92688972a8d9f06a5e2d5957c305253a859ec223bb39a1e0732366d0e2768
  languageName: node
  linkType: hard

"setprototypeof@npm:1.1.1":
  version: 1.1.1
  resolution: "setprototypeof@npm:1.1.1"
  checksum: 0efed4da5aec7535828ac07c3b560f0a54257a4a7d5390ffabe5530a083974aef577651507974215edb92a51efa142f22fb3242e24d630ba6adcbfc9e7f1ff2b
  languageName: node
  linkType: hard

"shelljs@npm:^0.8.4":
  version: 0.8.4
  resolution: "shelljs@npm:0.8.4"
  dependencies:
    glob: ^7.0.0
    interpret: ^1.0.0
    rechoir: ^0.6.2
  bin:
    shjs: bin/shjs
  checksum: bdf68e3c2a8a6d191dde3be2800bfcfd688c126344ccaf6cf7024cdaf824d0d3523b8e514cd52264f739cbabd2b0569637dd5a8183377347225af918e03ff5dc
  languageName: node
  linkType: hard

"socket.io-adapter@npm:~2.1.0":
  version: 2.1.0
  resolution: "socket.io-adapter@npm:2.1.0"
  checksum: 20ce6610fef40e510c03649ca3cd5f7c7d78a9776145f8b7c0a361e1cec398a05f0958e19c79a8dd719aa867391d03cd65ce99f590e20acaad029c667686bb9c
  languageName: node
  linkType: hard

"socket.io-parser@npm:~4.0.3":
  version: 4.0.4
  resolution: "socket.io-parser@npm:4.0.4"
  dependencies:
    "@types/component-emitter": ^1.2.10
    component-emitter: ~1.3.0
    debug: ~4.3.1
  checksum: ee2ffffa30e11ecebe690291ed91e5f949bf4ab9446ad6659b84488dd4f5908514867970539d32e1d94d4a5596e0d191f2e0ad92f707324cc4753ceb328aea2a
  languageName: node
  linkType: hard

"socket.io@npm:^3.1.1":
  version: 3.1.1
  resolution: "socket.io@npm:3.1.1"
  dependencies:
    "@types/cookie": ^0.4.0
    "@types/cors": ^2.8.8
    "@types/node": ^14.14.10
    accepts: ~1.3.4
    base64id: ~2.0.0
    debug: ~4.3.1
    engine.io: ~4.1.0
    socket.io-adapter: ~2.1.0
    socket.io-parser: ~4.0.3
  checksum: 7281e4307dccc6b4ba7eb165f08f24c74263c1df1dfe60e42c50978092b9d308cf4242912a339784433e7511254099fb833c4abdadeede329677da42e619f1f9
  languageName: node
  linkType: hard

"sparse-bitfield@npm:^3.0.3":
  version: 3.0.3
  resolution: "sparse-bitfield@npm:3.0.3"
  dependencies:
    memory-pager: ^1.0.2
  checksum: 3d7ea483df832df45c1a9b4905b2e2ffb9107b6b43db664ffaf03371000f9ec0db664c8d94600443e344c91be36c52a299ba627f2d15c7f2bcd2c2b7ded6f3b0
  languageName: node
  linkType: hard

"statuses@npm:>= 1.5.0 < 2, statuses@npm:~1.5.0":
  version: 1.5.0
  resolution: "statuses@npm:1.5.0"
  checksum: 57735269bf231176a60deb80f6d60214cb4a87663b0937e79497afe9aebe2597f8377fd28893f4d1776205f18dd0b927774a26b72051411ac5108e9e2dfc77d2
  languageName: node
  linkType: hard

"string_decoder@npm:~1.1.1":
  version: 1.1.1
  resolution: "string_decoder@npm:1.1.1"
  dependencies:
    safe-buffer: ~5.1.0
  checksum: bc2dc169d83df1b9e94defe7716bcad8a19ffe8211b029581cb0c6f9e83a6a7ba9ec3be38d179708a8643c692868a2b8b004ab159555dc26089ad3fa7b2158f5
  languageName: node
  linkType: hard

"toidentifier@npm:1.0.0":
  version: 1.0.0
  resolution: "toidentifier@npm:1.0.0"
  checksum: 95720e8a0f98f1525f50ccbecbc2a23f0a1b4e448de03819dbbeda03adf0d2010fe64525fbc9d549765242550d341bb891672e4ac0b2cac58613cdd742324255
  languageName: node
  linkType: hard

"type-is@npm:~1.6.17, type-is@npm:~1.6.18":
  version: 1.6.18
  resolution: "type-is@npm:1.6.18"
  dependencies:
    media-typer: 0.3.0
    mime-types: ~2.1.24
  checksum: 20a3514f1d835c979237995129d1f8c564325301e3a8f1c732bcbe1d7fa0ca1f65994e41a79e9030d79f31e5459bb9be5c377848fcb477cb3049a661b3713d74
  languageName: node
  linkType: hard

typescript@^4.1.3:
  version: 4.1.5
  resolution: "typescript@npm:4.1.5"
  bin:
    tsc: bin/tsc
    tsserver: bin/tsserver
  checksum: 29157c84426ac94ce97aac836264f303a26bd9fb30865650229e3406a36ca2e89735ef4b8878075ba1b95fa4d3ff9810057b64888700c28e20b4034a6db4da83
  languageName: node
  linkType: hard

"typescript@patch:typescript@^4.1.3#builtin<compat/typescript>":
  version: 4.1.5
  resolution: "typescript@patch:typescript@npm%3A4.1.5#builtin<compat/typescript>::version=4.1.5&hash=cc6730"
  bin:
    tsc: bin/tsc
    tsserver: bin/tsserver
  checksum: 58cc7786be0f8485c124944883b1384287532e4867ec37f1fb5cb2811dbc10f7a9decccad89097f924043285f3515bfd8223c61dbb4f88af00b2d8dc2ef73207
  languageName: node
  linkType: hard

"unpipe@npm:1.0.0, unpipe@npm:~1.0.0":
  version: 1.0.0
  resolution: "unpipe@npm:1.0.0"
  checksum: ba244e8bf640475b2143af95be5d71353cd4d238d63abf5dfe700c67841f066eb0819fc60dee7f2348ef647a5644a06ba024b9a0ab6d399fc07a05eb72a30ac7
  languageName: node
  linkType: hard

"util-deprecate@npm:~1.0.1":
  version: 1.0.2
  resolution: "util-deprecate@npm:1.0.2"
  checksum: 73c2b1cf0210ccac300645384d8443cabbd93194117b2dc1b3bae8d8279ad39aedac857e020c4ea505e96a1045059c7359db3df6a9df0be6b8584166c9d61dc9
  languageName: node
  linkType: hard

"utils-merge@npm:1.0.1":
  version: 1.0.1
  resolution: "utils-merge@npm:1.0.1"
  checksum: a457956ebc09efbda05da8bf213ab89140bb9dffa3c42b3315dd8fc3c45d67a1b802741f58b7bba4872113201fc275fc86470289d8bd32b74297b5e5b5980705
  languageName: node
  linkType: hard

"uuid@npm:^8.3.2":
  version: 8.3.2
  resolution: "uuid@npm:8.3.2"
  bin:
    uuid: dist/bin/uuid
  checksum: aed2bcef341f95635f308fea8831fb9038b18c485fe7e71feb89d2e05602dfecad0cb6f2246fae096d4da425cca6e8a71056f28abd97ad98cf770a2018853248
  languageName: node
  linkType: hard

"vary@npm:^1, vary@npm:~1.1.2":
  version: 1.1.2
  resolution: "vary@npm:1.1.2"
  checksum: 591f059f727ac1ba0d97cb7767f8583a03fcbb07db7be2b7dce838ede520ec0e958a41cb19077054769077fdc49a9b9a2dc391c83426bfee89c054b8cc7404bf
  languageName: node
  linkType: hard

"wrappy@npm:1":
  version: 1.0.2
  resolution: "wrappy@npm:1.0.2"
  checksum: 519fcda0fcdf0c16327be2de9d98646742307bc830277e8868529fcf7566f2b330a6453c233e0cdcb767d5838dd61a90984a02ecc983bcddebea5ad0833bbf98
  languageName: node
  linkType: hard

"ws@npm:~7.4.2":
  version: 7.4.3
  resolution: "ws@npm:7.4.3"
  peerDependencies:
    bufferutil: ^4.0.1
    utf-8-validate: ^5.0.2
  peerDependenciesMeta:
    bufferutil:
      optional: true
    utf-8-validate:
      optional: true
  checksum: 493655b7c4589d09ff3c2b6e8870b9ad7f7aea0aff34034e2dbb9a2e13f6868a47b06b423bc2365aec6143500b04ad24fdaecfbd9a6752f8eab2d339182c9884
  languageName: node
  linkType: hard
