# THIS IS AN AUTOGENERATED FILE. DO NOT EDIT THIS FILE DIRECTLY.
# yarn lockfile v1


"@babel/code-frame@7.12.11":
  "version" "7.12.11"
  dependencies:
    "@babel/highlight" "^7.10.4"

"@babel/helper-validator-identifier@^7.12.11":
  "version" "7.12.11"

"@babel/highlight@^7.10.4":
  "version" "7.12.13"
  dependencies:
    "@babel/helper-validator-identifier" "^7.12.11"
    "chalk" "^2.0.0"
    "js-tokens" "^4.0.0"

"@eslint/eslintrc@^0.3.0":
  "version" "0.3.0"
  dependencies:
    "ajv" "^6.12.4"
    "debug" "^4.1.1"
    "espree" "^7.3.0"
    "globals" "^12.1.0"
    "ignore" "^4.0.6"
    "import-fresh" "^3.2.1"
    "js-yaml" "^3.13.1"
    "lodash" "^4.17.20"
    "minimatch" "^3.0.4"
    "strip-json-comments" "^3.1.1"

"@nodelib/fs.scandir@2.1.4":
  "version" "2.1.4"
  dependencies:
    "@nodelib/fs.stat" "2.0.4"
    "run-parallel" "^1.1.9"

"@nodelib/fs.stat@^2.0.2", "@nodelib/fs.stat@2.0.4":
  "version" "2.0.4"

"@nodelib/fs.walk@^1.2.3":
  "version" "1.2.6"
  dependencies:
    "@nodelib/fs.scandir" "2.1.4"
    "fastq" "^1.6.0"

"@types/body-parser@*", "@types/body-parser@^1.19.0":
  "version" "1.19.0"
  dependencies:
    "@types/connect" "*"
    "@types/node" "*"

"@types/bson@*":
  "version" "4.0.3"
  dependencies:
    "@types/node" "*"

"@types/component-emitter@^1.2.10":
  "version" "1.2.10"

"@types/connect@*":
  "version" "3.4.34"
  dependencies:
    "@types/node" "*"

"@types/cookie@^0.4.0":
  "version" "0.4.0"

"@types/cors@^2.8.8":
  "version" "2.8.9"

"@types/express-serve-static-core@^4.17.18":
  "version" "4.17.18"
  dependencies:
    "@types/node" "*"
    "@types/qs" "*"
    "@types/range-parser" "*"

"@types/express@^4.17.11":
  "version" "4.17.11"
  dependencies:
    "@types/body-parser" "*"
    "@types/express-serve-static-core" "^4.17.18"
    "@types/qs" "*"
    "@types/serve-static" "*"

"@types/json-schema@^7.0.3":
  "version" "7.0.7"

"@types/mime@^1":
  "version" "1.3.2"

"@types/mongodb@^3.5.25", "@types/mongodb@^3.6.6":
  "version" "3.6.7"
  dependencies:
    "@types/bson" "*"
    "@types/node" "*"

"@types/node@*", "@types/node@^14.14.10", "@types/node@^14.14.25":
  "version" "14.14.27"

"@types/qs@*":
  "version" "6.9.5"

"@types/range-parser@*":
  "version" "1.2.3"

"@types/serve-static@*":
  "version" "1.13.9"
  dependencies:
    "@types/mime" "^1"
    "@types/node" "*"

"@types/uuid@^8.3.0":
  "version" "8.3.0"

"@typescript-eslint/eslint-plugin@^4.15.0":
  "version" "4.15.0"
  dependencies:
    "@typescript-eslint/experimental-utils" "4.15.0"
    "@typescript-eslint/scope-manager" "4.15.0"
    "debug" "^4.1.1"
    "functional-red-black-tree" "^1.0.1"
    "lodash" "^4.17.15"
    "regexpp" "^3.0.0"
    "semver" "^7.3.2"
    "tsutils" "^3.17.1"

"@typescript-eslint/experimental-utils@4.15.0":
  "version" "4.15.0"
  dependencies:
    "@types/json-schema" "^7.0.3"
    "@typescript-eslint/scope-manager" "4.15.0"
    "@typescript-eslint/types" "4.15.0"
    "@typescript-eslint/typescript-estree" "4.15.0"
    "eslint-scope" "^5.0.0"
    "eslint-utils" "^2.0.0"

"@typescript-eslint/parser@^4.0.0", "@typescript-eslint/parser@^4.15.0":
  "version" "4.15.0"
  dependencies:
    "@typescript-eslint/scope-manager" "4.15.0"
    "@typescript-eslint/types" "4.15.0"
    "@typescript-eslint/typescript-estree" "4.15.0"
    "debug" "^4.1.1"

"@typescript-eslint/scope-manager@4.15.0":
  "version" "4.15.0"
  dependencies:
    "@typescript-eslint/types" "4.15.0"
    "@typescript-eslint/visitor-keys" "4.15.0"

"@typescript-eslint/types@4.15.0":
  "version" "4.15.0"

"@typescript-eslint/typescript-estree@4.15.0":
  "version" "4.15.0"
  dependencies:
    "@typescript-eslint/types" "4.15.0"
    "@typescript-eslint/visitor-keys" "4.15.0"
    "debug" "^4.1.1"
    "globby" "^11.0.1"
    "is-glob" "^4.0.1"
    "semver" "^7.3.2"
    "tsutils" "^3.17.1"

"@typescript-eslint/visitor-keys@4.15.0":
  "version" "4.15.0"
  dependencies:
    "@typescript-eslint/types" "4.15.0"
    "eslint-visitor-keys" "^2.0.0"

"accepts@~1.3.4", "accepts@~1.3.7":
  "version" "1.3.7"
  dependencies:
    "mime-types" "~2.1.24"
    "negotiator" "0.6.2"

"acorn-jsx@^5.3.1":
  "version" "5.3.1"

"acorn@^6.0.0 || ^7.0.0 || ^8.0.0", "acorn@^7.4.0":
  "version" "7.4.1"

"ajv@^6.10.0", "ajv@^6.12.4":
  "version" "6.12.6"
  dependencies:
    "fast-deep-equal" "^3.1.1"
    "fast-json-stable-stringify" "^2.0.0"
    "json-schema-traverse" "^0.4.1"
    "uri-js" "^4.2.2"

"ajv@^7.0.2":
  "version" "7.1.0"
  dependencies:
    "fast-deep-equal" "^3.1.1"
    "json-schema-traverse" "^1.0.0"
    "require-from-string" "^2.0.2"
    "uri-js" "^4.2.2"

"ansi-colors@^4.1.1":
  "version" "4.1.1"

"ansi-regex@^5.0.0":
  "version" "5.0.0"

"ansi-styles@^3.2.1":
  "version" "3.2.1"
  dependencies:
    "color-convert" "^1.9.0"

"ansi-styles@^4.0.0", "ansi-styles@^4.1.0":
  "version" "4.3.0"
  dependencies:
    "color-convert" "^2.0.1"

"argparse@^1.0.7":
  "version" "1.0.10"
  dependencies:
    "sprintf-js" "~1.0.2"

"array-flatten@1.1.1":
  "version" "1.1.1"

"array-union@^2.1.0":
  "version" "2.1.0"

"astral-regex@^2.0.0":
  "version" "2.0.0"

"balanced-match@^1.0.0":
  "version" "1.0.0"

"base64-arraybuffer@0.1.4":
  "version" "0.1.4"

"base64id@~2.0.0", "base64id@2.0.0":
  "version" "2.0.0"

"bl@^2.2.1":
  "version" "2.2.1"
  dependencies:
    "readable-stream" "^2.3.5"
    "safe-buffer" "^5.1.1"

"body-parser@^1.19.0", "body-parser@1.19.0":
  "version" "1.19.0"
  dependencies:
    "bytes" "3.1.0"
    "content-type" "~1.0.4"
    "debug" "2.6.9"
    "depd" "~1.1.2"
    "http-errors" "1.7.2"
    "iconv-lite" "0.4.24"
    "on-finished" "~2.3.0"
    "qs" "6.7.0"
    "raw-body" "2.4.0"
    "type-is" "~1.6.17"

"brace-expansion@^1.1.7":
  "version" "1.1.11"
  dependencies:
    "balanced-match" "^1.0.0"
    "concat-map" "0.0.1"

"braces@^3.0.1":
  "version" "3.0.2"
  dependencies:
    "fill-range" "^7.0.1"

"bson@^1.1.4":
  "version" "1.1.5"

"bytes@3.1.0":
  "version" "3.1.0"

"callsites@^3.0.0":
  "version" "3.1.0"

"chalk@^2.0.0":
  "version" "2.4.2"
  dependencies:
    "ansi-styles" "^3.2.1"
    "escape-string-regexp" "^1.0.5"
    "supports-color" "^5.3.0"

"chalk@^4.0.0":
  "version" "4.1.0"
  dependencies:
    "ansi-styles" "^4.1.0"
    "supports-color" "^7.1.0"

"colonists-shared@file:../colonists-shared":
  "resolved" "file:../colonists-shared"
  "version" "1.0.0"
  dependencies:
    "honeycomb-grid" "^3.1.7"
    "uuid" "^8.3.2"

"color-convert@^1.9.0":
  "version" "1.9.3"
  dependencies:
    "color-name" "1.1.3"

"color-convert@^2.0.1":
  "version" "2.0.1"
  dependencies:
    "color-name" "~1.1.4"

"color-name@~1.1.4":
  "version" "1.1.4"

"color-name@1.1.3":
  "version" "1.1.3"

"component-emitter@~1.3.0":
  "version" "1.3.0"

"concat-map@0.0.1":
  "version" "0.0.1"

"content-disposition@0.5.3":
  "version" "0.5.3"
  dependencies:
    "safe-buffer" "5.1.2"

"content-type@~1.0.4":
  "version" "1.0.4"

"cookie-signature@1.0.6":
  "version" "1.0.6"

"cookie@~0.4.1":
  "version" "0.4.1"

"cookie@0.4.0":
  "version" "0.4.0"

"core-util-is@~1.0.0":
  "version" "1.0.2"

"cors@^2.8.5", "cors@~2.8.5":
  "version" "2.8.5"
  dependencies:
    "object-assign" "^4"
    "vary" "^1"

"cross-spawn@^7.0.2":
  "version" "7.0.3"
  dependencies:
    "path-key" "^3.1.0"
    "shebang-command" "^2.0.0"
    "which" "^2.0.1"

"debug@*", "debug@2.6.9":
  "version" "2.6.9"
  dependencies:
    "ms" "2.0.0"

"debug@^4.0.1":
  "version" "4.3.1"
  dependencies:
    "ms" "2.1.2"

"debug@^4.1.1":
  "version" "4.3.1"
  dependencies:
    "ms" "2.1.2"

"debug@~4.3.1":
  "version" "4.3.1"
  dependencies:
    "ms" "2.1.2"

"deep-is@^0.1.3":
  "version" "0.1.3"

"denque@^1.4.1":
  "version" "1.5.0"

"depd@~1.1.2":
  "version" "1.1.2"

"destroy@~1.0.4":
  "version" "1.0.4"

"dir-glob@^3.0.1":
  "version" "3.0.1"
  dependencies:
    "path-type" "^4.0.0"

"doctrine@^3.0.0":
  "version" "3.0.0"
  dependencies:
    "esutils" "^2.0.2"

"dotenv@^8.2.0":
  "version" "8.2.0"

"ee-first@1.1.1":
  "version" "1.1.1"

"emoji-regex@^8.0.0":
  "version" "8.0.0"

"encodeurl@~1.0.2":
  "version" "1.0.2"

"engine.io-parser@~4.0.0":
  "version" "4.0.2"
  dependencies:
    "base64-arraybuffer" "0.1.4"

"engine.io@~4.1.0":
  "version" "4.1.1"
  dependencies:
    "accepts" "~1.3.4"
    "base64id" "2.0.0"
    "cookie" "~0.4.1"
    "cors" "~2.8.5"
    "debug" "~4.3.1"
    "engine.io-parser" "~4.0.0"
    "ws" "~7.4.2"

"enquirer@^2.3.5":
  "version" "2.3.6"
  dependencies:
    "ansi-colors" "^4.1.1"

"escape-html@~1.0.3":
  "version" "1.0.3"

"escape-string-regexp@^1.0.5":
  "version" "1.0.5"

"eslint-scope@^5.0.0", "eslint-scope@^5.1.1":
  "version" "5.1.1"
  dependencies:
    "esrecurse" "^4.3.0"
    "estraverse" "^4.1.1"

"eslint-utils@^2.0.0", "eslint-utils@^2.1.0":
  "version" "2.1.0"
  dependencies:
    "eslint-visitor-keys" "^1.1.0"

"eslint-visitor-keys@^1.1.0":
  "version" "1.3.0"

"eslint-visitor-keys@^1.3.0":
  "version" "1.3.0"

"eslint-visitor-keys@^2.0.0":
  "version" "2.0.0"

"eslint@*", "eslint@^5.0.0 || ^6.0.0 || ^7.0.0", "eslint@^7.20.0":
  "version" "7.20.0"
  dependencies:
    "@babel/code-frame" "7.12.11"
    "@eslint/eslintrc" "^0.3.0"
    "ajv" "^6.10.0"
    "chalk" "^4.0.0"
    "cross-spawn" "^7.0.2"
    "debug" "^4.0.1"
    "doctrine" "^3.0.0"
    "enquirer" "^2.3.5"
    "eslint-scope" "^5.1.1"
    "eslint-utils" "^2.1.0"
    "eslint-visitor-keys" "^2.0.0"
    "espree" "^7.3.1"
    "esquery" "^1.4.0"
    "esutils" "^2.0.2"
    "file-entry-cache" "^6.0.0"
    "functional-red-black-tree" "^1.0.1"
    "glob-parent" "^5.0.0"
    "globals" "^12.1.0"
    "ignore" "^4.0.6"
    "import-fresh" "^3.0.0"
    "imurmurhash" "^0.1.4"
    "is-glob" "^4.0.0"
    "js-yaml" "^3.13.1"
    "json-stable-stringify-without-jsonify" "^1.0.1"
    "levn" "^0.4.1"
    "lodash" "^4.17.20"
    "minimatch" "^3.0.4"
    "natural-compare" "^1.4.0"
    "optionator" "^0.9.1"
    "progress" "^2.0.0"
    "regexpp" "^3.1.0"
    "semver" "^7.2.1"
    "strip-ansi" "^6.0.0"
    "strip-json-comments" "^3.1.0"
    "table" "^6.0.4"
    "text-table" "^0.2.0"
    "v8-compile-cache" "^2.0.3"

"esm@^3.2.25":
  "version" "3.2.25"

"espree@^7.3.0", "espree@^7.3.1":
  "version" "7.3.1"
  dependencies:
    "acorn" "^7.4.0"
    "acorn-jsx" "^5.3.1"
    "eslint-visitor-keys" "^1.3.0"

"esprima@^4.0.0":
  "version" "4.0.1"

"esquery@^1.4.0":
  "version" "1.4.0"
  dependencies:
    "estraverse" "^5.1.0"

"esrecurse@^4.3.0":
  "version" "4.3.0"
  dependencies:
    "estraverse" "^5.2.0"

"estraverse@^4.1.1":
  "version" "4.3.0"

"estraverse@^5.1.0":
  "version" "5.2.0"

"estraverse@^5.2.0":
  "version" "5.2.0"

"esutils@^2.0.2":
  "version" "2.0.3"

"etag@~1.8.1":
  "version" "1.8.1"

"express@^4.17.1":
  "version" "4.17.1"
  dependencies:
    "accepts" "~1.3.7"
    "array-flatten" "1.1.1"
    "body-parser" "1.19.0"
    "content-disposition" "0.5.3"
    "content-type" "~1.0.4"
    "cookie" "0.4.0"
    "cookie-signature" "1.0.6"
    "debug" "2.6.9"
    "depd" "~1.1.2"
    "encodeurl" "~1.0.2"
    "escape-html" "~1.0.3"
    "etag" "~1.8.1"
    "finalhandler" "~1.1.2"
    "fresh" "0.5.2"
    "merge-descriptors" "1.0.1"
    "methods" "~1.1.2"
    "on-finished" "~2.3.0"
    "parseurl" "~1.3.3"
    "path-to-regexp" "0.1.7"
    "proxy-addr" "~2.0.5"
    "qs" "6.7.0"
    "range-parser" "~1.2.1"
    "safe-buffer" "5.1.2"
    "send" "0.17.1"
    "serve-static" "1.14.1"
    "setprototypeof" "1.1.1"
    "statuses" "~1.5.0"
    "type-is" "~1.6.18"
    "utils-merge" "1.0.1"
    "vary" "~1.1.2"

"fast-deep-equal@^3.1.1":
  "version" "3.1.3"

"fast-glob@^3.1.1":
  "version" "3.2.5"
  dependencies:
    "@nodelib/fs.stat" "^2.0.2"
    "@nodelib/fs.walk" "^1.2.3"
    "glob-parent" "^5.1.0"
    "merge2" "^1.3.0"
    "micromatch" "^4.0.2"
    "picomatch" "^2.2.1"

"fast-json-stable-stringify@^2.0.0":
  "version" "2.1.0"

"fast-levenshtein@^2.0.6":
  "version" "2.0.6"

"fastq@^1.6.0":
  "version" "1.10.1"
  dependencies:
    "reusify" "^1.0.4"

"file-entry-cache@^6.0.0":
  "version" "6.0.0"
  dependencies:
    "flat-cache" "^3.0.4"

"fill-range@^7.0.1":
  "version" "7.0.1"
  dependencies:
    "to-regex-range" "^5.0.1"

"finalhandler@~1.1.2":
  "version" "1.1.2"
  dependencies:
    "debug" "2.6.9"
    "encodeurl" "~1.0.2"
    "escape-html" "~1.0.3"
    "on-finished" "~2.3.0"
    "parseurl" "~1.3.3"
    "statuses" "~1.5.0"
    "unpipe" "~1.0.0"

"flat-cache@^3.0.4":
  "version" "3.0.4"
  dependencies:
    "flatted" "^3.1.0"
    "rimraf" "^3.0.2"

"flatted@^3.1.0":
  "version" "3.1.1"

"forwarded@~0.1.2":
  "version" "0.1.2"

"fresh@0.5.2":
  "version" "0.5.2"

"fs.realpath@^1.0.0":
  "version" "1.0.0"

"function-bind@^1.1.1":
  "version" "1.1.1"

"functional-red-black-tree@^1.0.1":
  "version" "1.0.1"

"glob-parent@^5.0.0", "glob-parent@^5.1.0":
  "version" "5.1.1"
  dependencies:
    "is-glob" "^4.0.1"

"glob@^7.0.0", "glob@^7.1.3":
  "version" "7.1.6"
  dependencies:
    "fs.realpath" "^1.0.0"
    "inflight" "^1.0.4"
    "inherits" "2"
    "minimatch" "^3.0.4"
    "once" "^1.3.0"
    "path-is-absolute" "^1.0.0"

"globals@^12.1.0":
  "version" "12.4.0"
  dependencies:
    "type-fest" "^0.8.1"

"globby@^11.0.1":
  "version" "11.0.2"
  dependencies:
    "array-union" "^2.1.0"
    "dir-glob" "^3.0.1"
    "fast-glob" "^3.1.1"
    "ignore" "^5.1.4"
    "merge2" "^1.3.0"
    "slash" "^3.0.0"

"has-flag@^3.0.0":
  "version" "3.0.0"

"has-flag@^4.0.0":
  "version" "4.0.0"

"has@^1.0.3":
  "version" "1.0.3"
  dependencies:
    "function-bind" "^1.1.1"

"http-errors@~1.7.2", "http-errors@1.7.2":
  "version" "1.7.2"
  dependencies:
    "depd" "~1.1.2"
    "inherits" "2.0.3"
    "setprototypeof" "1.1.1"
    "statuses" ">= 1.5.0 < 2"
    "toidentifier" "1.0.0"

"iconv-lite@0.4.24":
  "version" "0.4.24"
  dependencies:
    "safer-buffer" ">= 2.1.2 < 3"

"ignore@^4.0.6":
  "version" "4.0.6"

"ignore@^5.1.4":
  "version" "5.1.8"

"import-fresh@^3.0.0", "import-fresh@^3.2.1":
  "version" "3.3.0"
  dependencies:
    "parent-module" "^1.0.0"
    "resolve-from" "^4.0.0"

"imurmurhash@^0.1.4":
  "version" "0.1.4"

"inflight@^1.0.4":
  "version" "1.0.6"
  dependencies:
    "once" "^1.3.0"
    "wrappy" "1"

"inherits@~2.0.3", "inherits@2", "inherits@2.0.3":
  "version" "2.0.3"

"interpret@^1.0.0":
  "version" "1.4.0"

"ipaddr.js@1.9.1":
  "version" "1.9.1"

"is-core-module@^2.2.0":
  "version" "2.2.0"
  dependencies:
    "has" "^1.0.3"

"is-extglob@^2.1.1":
  "version" "2.1.1"

"is-fullwidth-code-point@^3.0.0":
  "version" "3.0.0"

"is-glob@^4.0.0", "is-glob@^4.0.1":
  "version" "4.0.1"
  dependencies:
    "is-extglob" "^2.1.1"

"is-number@^7.0.0":
  "version" "7.0.0"

"isarray@~1.0.0":
  "version" "1.0.0"

"isexe@^2.0.0":
  "version" "2.0.0"

"js-tokens@^4.0.0":
  "version" "4.0.0"

"js-yaml@^3.13.1":
  "version" "3.14.1"
  dependencies:
    "argparse" "^1.0.7"
    "esprima" "^4.0.0"

"json-schema-traverse@^0.4.1":
  "version" "0.4.1"

"json-schema-traverse@^1.0.0":
  "version" "1.0.0"

"json-stable-stringify-without-jsonify@^1.0.1":
  "version" "1.0.1"

"levn@^0.4.1":
  "version" "0.4.1"
  dependencies:
    "prelude-ls" "^1.2.1"
    "type-check" "~0.4.0"

"lodash@^4.17.15", "lodash@^4.17.20":
  "version" "4.17.20"

"lru-cache@^6.0.0":
  "version" "6.0.0"
  dependencies:
    "yallist" "^4.0.0"

"media-typer@0.3.0":
  "version" "0.3.0"

"memory-pager@^1.0.2":
  "version" "1.5.0"

"merge-descriptors@1.0.1":
  "version" "1.0.1"

"merge2@^1.3.0":
  "version" "1.4.1"

"methods@~1.1.2":
  "version" "1.1.2"

"micromatch@^4.0.2":
  "version" "4.0.2"
  dependencies:
    "braces" "^3.0.1"
    "picomatch" "^2.0.5"

"mime-db@1.45.0":
  "version" "1.45.0"

"mime-types@~2.1.24":
  "version" "2.1.28"
  dependencies:
    "mime-db" "1.45.0"

"mime@1.6.0":
  "version" "1.6.0"

"minimatch@^3.0.4":
  "version" "3.0.4"
  dependencies:
    "brace-expansion" "^1.1.7"

"mongodb@^3.2.3", "mongodb@^3.6.4":
  "version" "3.6.4"
  dependencies:
    "bl" "^2.2.1"
    "bson" "^1.1.4"
    "denque" "^1.4.1"
    "require_optional" "^1.0.1"
    "safe-buffer" "^5.1.2"
  optionalDependencies:
    "saslprep" "^1.0.0"

"monk-middleware-cast-ids@^0.2.1":
  "version" "0.2.1"

"monk-middleware-fields@^0.2.0":
  "version" "0.2.0"

"monk-middleware-handle-callback@^0.2.0":
  "version" "0.2.2"

"monk-middleware-options@^0.2.1":
  "version" "0.2.1"

"monk-middleware-query@^0.2.0":
  "version" "0.2.0"

"monk-middleware-wait-for-connection@^0.2.0":
  "version" "0.2.0"

"monk@^7.3.3":
  "version" "7.3.3"
  dependencies:
    "@types/mongodb" "^3.5.25"
    "debug" "*"
    "mongodb" "^3.2.3"
    "monk-middleware-cast-ids" "^0.2.1"
    "monk-middleware-fields" "^0.2.0"
    "monk-middleware-handle-callback" "^0.2.0"
    "monk-middleware-options" "^0.2.1"
    "monk-middleware-query" "^0.2.0"
    "monk-middleware-wait-for-connection" "^0.2.0"
    "object-assign" "^4.1.1"

"ms@2.0.0":
  "version" "2.0.0"

"ms@2.1.1":
  "version" "2.1.1"

"ms@2.1.2":
  "version" "2.1.2"

"natural-compare@^1.4.0":
  "version" "1.4.0"

"negotiator@0.6.2":
  "version" "0.6.2"

"object-assign@^4", "object-assign@^4.1.1":
  "version" "4.1.1"

"on-finished@~2.3.0":
  "version" "2.3.0"
  dependencies:
    "ee-first" "1.1.1"

"once@^1.3.0":
  "version" "1.4.0"
  dependencies:
    "wrappy" "1"

"optionator@^0.9.1":
  "version" "0.9.1"
  dependencies:
    "deep-is" "^0.1.3"
    "fast-levenshtein" "^2.0.6"
    "levn" "^0.4.1"
    "prelude-ls" "^1.2.1"
    "type-check" "^0.4.0"
    "word-wrap" "^1.2.3"

"parent-module@^1.0.0":
  "version" "1.0.1"
  dependencies:
    "callsites" "^3.0.0"

"parseurl@~1.3.3":
  "version" "1.3.3"

"path-is-absolute@^1.0.0":
  "version" "1.0.1"

"path-key@^3.1.0":
  "version" "3.1.1"

"path-parse@^1.0.6":
  "version" "1.0.6"

"path-to-regexp@0.1.7":
  "version" "0.1.7"

"path-type@^4.0.0":
  "version" "4.0.0"

"picomatch@^2.0.5", "picomatch@^2.2.1":
  "version" "2.2.2"

"prelude-ls@^1.2.1":
  "version" "1.2.1"

"process-nextick-args@~2.0.0":
  "version" "2.0.1"

"progress@^2.0.0":
  "version" "2.0.3"

"proxy-addr@~2.0.5":
  "version" "2.0.6"
  dependencies:
    "forwarded" "~0.1.2"
    "ipaddr.js" "1.9.1"

"punycode@^2.1.0":
  "version" "2.1.1"

"qs@6.7.0":
  "version" "6.7.0"

"queue-microtask@^1.2.2":
  "version" "1.2.2"

"range-parser@~1.2.1":
  "version" "1.2.1"

"raw-body@2.4.0":
  "version" "2.4.0"
  dependencies:
    "bytes" "3.1.0"
    "http-errors" "1.7.2"
    "iconv-lite" "0.4.24"
    "unpipe" "1.0.0"

"readable-stream@^2.3.5":
  "version" "2.3.7"
  dependencies:
    "core-util-is" "~1.0.0"
    "inherits" "~2.0.3"
    "isarray" "~1.0.0"
    "process-nextick-args" "~2.0.0"
    "safe-buffer" "~5.1.1"
    "string_decoder" "~1.1.1"
    "util-deprecate" "~1.0.1"

"rechoir@^0.6.2":
  "version" "0.6.2"
  dependencies:
    "resolve" "^1.1.6"

"regexpp@^3.0.0", "regexpp@^3.1.0":
  "version" "3.1.0"

"require_optional@^1.0.1":
  "version" "1.0.1"
  dependencies:
    "resolve-from" "^2.0.0"
    "semver" "^5.1.0"

"require-from-string@^2.0.2":
  "version" "2.0.2"

"resolve-from@^2.0.0":
  "version" "2.0.0"

"resolve-from@^4.0.0":
  "version" "4.0.0"

"resolve@^1.1.6":
  "version" "1.20.0"
  dependencies:
    "is-core-module" "^2.2.0"
    "path-parse" "^1.0.6"

"reusify@^1.0.4":
  "version" "1.0.4"

"rimraf@^3.0.2":
  "version" "3.0.2"
  dependencies:
    "glob" "^7.1.3"

"run-parallel@^1.1.9":
  "version" "1.2.0"
  dependencies:
    "queue-microtask" "^1.2.2"

"safe-buffer@^5.1.1", "safe-buffer@^5.1.2", "safe-buffer@~5.1.0", "safe-buffer@~5.1.1", "safe-buffer@5.1.2":
  "version" "5.1.2"

"safer-buffer@>= 2.1.2 < 3":
  "version" "2.1.2"

"saslprep@^1.0.0":
  "version" "1.0.3"
  dependencies:
    "sparse-bitfield" "^3.0.3"

"semver@^5.1.0":
  "version" "5.7.1"

"semver@^7.2.1":
  "version" "7.3.4"
  dependencies:
    "lru-cache" "^6.0.0"

"semver@^7.3.2":
  "version" "7.3.4"
  dependencies:
    "lru-cache" "^6.0.0"

"send@0.17.1":
  "version" "0.17.1"
  dependencies:
    "debug" "2.6.9"
    "depd" "~1.1.2"
    "destroy" "~1.0.4"
    "encodeurl" "~1.0.2"
    "escape-html" "~1.0.3"
    "etag" "~1.8.1"
    "fresh" "0.5.2"
    "http-errors" "~1.7.2"
    "mime" "1.6.0"
    "ms" "2.1.1"
    "on-finished" "~2.3.0"
    "range-parser" "~1.2.1"
    "statuses" "~1.5.0"

"serve-static@1.14.1":
  "version" "1.14.1"
  dependencies:
    "encodeurl" "~1.0.2"
    "escape-html" "~1.0.3"
    "parseurl" "~1.3.3"
    "send" "0.17.1"

"setprototypeof@1.1.1":
  "version" "1.1.1"

"shebang-command@^2.0.0":
  "version" "2.0.0"
  dependencies:
    "shebang-regex" "^3.0.0"

"shebang-regex@^3.0.0":
  "version" "3.0.0"

"shelljs@^0.8.4":
  "version" "0.8.4"
  dependencies:
    "glob" "^7.0.0"
    "interpret" "^1.0.0"
    "rechoir" "^0.6.2"

"slash@^3.0.0":
  "version" "3.0.0"

"slice-ansi@^4.0.0":
  "version" "4.0.0"
  dependencies:
    "ansi-styles" "^4.0.0"
    "astral-regex" "^2.0.0"
    "is-fullwidth-code-point" "^3.0.0"

"socket.io-adapter@~2.1.0":
  "version" "2.1.0"

"socket.io-parser@~4.0.3":
  "version" "4.0.4"
  dependencies:
    "@types/component-emitter" "^1.2.10"
    "component-emitter" "~1.3.0"
    "debug" "~4.3.1"

"socket.io@^3.1.1":
  "version" "3.1.1"
  dependencies:
    "@types/cookie" "^0.4.0"
    "@types/cors" "^2.8.8"
    "@types/node" "^14.14.10"
    "accepts" "~1.3.4"
    "base64id" "~2.0.0"
    "debug" "~4.3.1"
    "engine.io" "~4.1.0"
    "socket.io-adapter" "~2.1.0"
    "socket.io-parser" "~4.0.3"

"sparse-bitfield@^3.0.3":
  "version" "3.0.3"
  dependencies:
    "memory-pager" "^1.0.2"

"sprintf-js@~1.0.2":
  "version" "1.0.3"

"statuses@>= 1.5.0 < 2", "statuses@~1.5.0":
  "version" "1.5.0"

"string_decoder@~1.1.1":
  "version" "1.1.1"
  dependencies:
    "safe-buffer" "~5.1.0"

"string-width@^4.2.0":
  "version" "4.2.0"
  dependencies:
    "emoji-regex" "^8.0.0"
    "is-fullwidth-code-point" "^3.0.0"
    "strip-ansi" "^6.0.0"

"strip-ansi@^6.0.0":
  "version" "6.0.0"
  dependencies:
    "ansi-regex" "^5.0.0"

"strip-json-comments@^3.1.0", "strip-json-comments@^3.1.1":
  "version" "3.1.1"

"supports-color@^5.3.0":
  "version" "5.5.0"
  dependencies:
    "has-flag" "^3.0.0"

"supports-color@^7.1.0":
  "version" "7.2.0"
  dependencies:
    "has-flag" "^4.0.0"

"table@^6.0.4":
  "version" "6.0.7"
  dependencies:
    "ajv" "^7.0.2"
    "lodash" "^4.17.20"
    "slice-ansi" "^4.0.0"
    "string-width" "^4.2.0"

"text-table@^0.2.0":
  "version" "0.2.0"

"to-regex-range@^5.0.1":
  "version" "5.0.1"
  dependencies:
    "is-number" "^7.0.0"

"toidentifier@1.0.0":
  "version" "1.0.0"

"tslib@^1.8.1":
  "version" "1.14.1"

"tsutils@^3.17.1":
  "version" "3.20.0"
  dependencies:
    "tslib" "^1.8.1"

"type-check@^0.4.0", "type-check@~0.4.0":
  "version" "0.4.0"
  dependencies:
    "prelude-ls" "^1.2.1"

"type-fest@^0.8.1":
  "version" "0.8.1"

"type-is@~1.6.17", "type-is@~1.6.18":
  "version" "1.6.18"
  dependencies:
    "media-typer" "0.3.0"
    "mime-types" "~2.1.24"

"typescript@^4.1.5", "typescript@>=2.8.0 || >= 3.2.0-dev || >= 3.3.0-dev || >= 3.4.0-dev || >= 3.5.0-dev || >= 3.6.0-dev || >= 3.6.0-beta || >= 3.7.0-dev || >= 3.7.0-beta":
  "version" "4.1.5"

"unpipe@~1.0.0", "unpipe@1.0.0":
  "version" "1.0.0"

"uri-js@^4.2.2":
  "version" "4.4.1"
  dependencies:
    "punycode" "^2.1.0"

"util-deprecate@~1.0.1":
  "version" "1.0.2"

"utils-merge@1.0.1":
  "version" "1.0.1"

"uuid@^8.3.2":
  "version" "8.3.2"

"v8-compile-cache@^2.0.3":
  "version" "2.2.0"

"vary@^1", "vary@~1.1.2":
  "version" "1.1.2"

"which@^2.0.1":
  "version" "2.0.2"
  dependencies:
    "isexe" "^2.0.0"

"word-wrap@^1.2.3":
  "version" "1.2.3"

"wrappy@1":
  "version" "1.0.2"

"ws@~7.4.2":
  "version" "7.4.3"

"yallist@^4.0.0":
  "version" "4.0.0"
